// !$*UTF8*$!
{
	archiveVersion = 1;
	classes = {
	};
	objectVersion = 46;
	objects = {

/* Begin PBXBuildFile section */
		D58FB79B1CEA106E0025D50E /* AppDelegate.swift in Sources */ = {isa = PBXBuildFile; fileRef = D58FB79A1CEA106E0025D50E /* AppDelegate.swift */; };
		D58FB79D1CEA106E0025D50E /* ViewController.swift in Sources */ = {isa = PBXBuildFile; fileRef = D58FB79C1CEA106E0025D50E /* ViewController.swift */; };
		D58FB7A01CEA106E0025D50E /* Main.storyboard in Resources */ = {isa = PBXBuildFile; fileRef = D58FB79E1CEA106E0025D50E /* Main.storyboard */; };
		D58FB7A21CEA106E0025D50E /* Assets.xcassets in Resources */ = {isa = PBXBuildFile; fileRef = D58FB7A11CEA106E0025D50E /* Assets.xcassets */; };
		D58FB7A51CEA106E0025D50E /* LaunchScreen.storyboard in Resources */ = {isa = PBXBuildFile; fileRef = D58FB7A31CEA106E0025D50E /* LaunchScreen.storyboard */; };
		D58FB7B01CEA106E0025D50E /* CalculatorTests.swift in Sources */ = {isa = PBXBuildFile; fileRef = D58FB7AF1CEA106E0025D50E /* CalculatorTests.swift */; };
		D58FB7BB1CEA106E0025D50E /* CalculatorUITests.swift in Sources */ = {isa = PBXBuildFile; fileRef = D58FB7BA1CEA106E0025D50E /* CalculatorUITests.swift */; };
		D5B413021CFA28A000DB4321 /* CalculatorBrain.swift in Sources */ = {isa = PBXBuildFile; fileRef = D5B413011CFA28A000DB4321 /* CalculatorBrain.swift */; };
/* End PBXBuildFile section */

/* Begin PBXContainerItemProxy section */
		D58FB7AC1CEA106E0025D50E /* PBXContainerItemProxy */ = {
			isa = PBXContainerItemProxy;
			containerPortal = D58FB78F1CEA106D0025D50E /* Project object */;
			proxyType = 1;
			remoteGlobalIDString = D58FB7961CEA106D0025D50E;
			remoteInfo = Calculator;
		};
		D58FB7B71CEA106E0025D50E /* PBXContainerItemProxy */ = {
			isa = PBXContainerItemProxy;
			containerPortal = D58FB78F1CEA106D0025D50E /* Project object */;
			proxyType = 1;
			remoteGlobalIDString = D58FB7961CEA106D0025D50E;
			remoteInfo = Calculator;
		};
/* End PBXContainerItemProxy section */

/* Begin PBXFileReference section */
		D58FB7971CEA106D0025D50E /* Calculator.app */ = {isa = PBXFileReference; explicitFileType = wrapper.application; includeInIndex = 0; path = Calculator.app; sourceTree = BUILT_PRODUCTS_DIR; };
		D58FB79A1CEA106E0025D50E /* AppDelegate.swift */ = {isa = PBXFileReference; lastKnownFileType = sourcecode.swift; path = AppDelegate.swift; sourceTree = "<group>"; };
		D58FB79C1CEA106E0025D50E /* ViewController.swift */ = {isa = PBXFileReference; lastKnownFileType = sourcecode.swift; path = ViewController.swift; sourceTree = "<group>"; };
		D58FB79F1CEA106E0025D50E /* Base */ = {isa = PBXFileReference; lastKnownFileType = file.storyboard; name = Base; path = Base.lproj/Main.storyboard; sourceTree = "<group>"; };
		D58FB7A11CEA106E0025D50E /* Assets.xcassets */ = {isa = PBXFileReference; lastKnownFileType = folder.assetcatalog; path = Assets.xcassets; sourceTree = "<group>"; };
		D58FB7A41CEA106E0025D50E /* Base */ = {isa = PBXFileReference; lastKnownFileType = file.storyboard; name = Base; path = Base.lproj/LaunchScreen.storyboard; sourceTree = "<group>"; };
		D58FB7A61CEA106E0025D50E /* Info.plist */ = {isa = PBXFileReference; lastKnownFileType = text.plist.xml; path = Info.plist; sourceTree = "<group>"; };
		D58FB7AB1CEA106E0025D50E /* CalculatorTests.xctest */ = {isa = PBXFileReference; explicitFileType = wrapper.cfbundle; includeInIndex = 0; path = CalculatorTests.xctest; sourceTree = BUILT_PRODUCTS_DIR; };
		D58FB7AF1CEA106E0025D50E /* CalculatorTests.swift */ = {isa = PBXFileReference; lastKnownFileType = sourcecode.swift; path = CalculatorTests.swift; sourceTree = "<group>"; };
		D58FB7B11CEA106E0025D50E /* Info.plist */ = {isa = PBXFileReference; lastKnownFileType = text.plist.xml; path = Info.plist; sourceTree = "<group>"; };
		D58FB7B61CEA106E0025D50E /* CalculatorUITests.xctest */ = {isa = PBXFileReference; explicitFileType = wrapper.cfbundle; includeInIndex = 0; path = CalculatorUITests.xctest; sourceTree = BUILT_PRODUCTS_DIR; };
		D58FB7BA1CEA106E0025D50E /* CalculatorUITests.swift */ = {isa = PBXFileReference; lastKnownFileType = sourcecode.swift; path = CalculatorUITests.swift; sourceTree = "<group>"; };
		D58FB7BC1CEA106E0025D50E /* Info.plist */ = {isa = PBXFileReference; lastKnownFileType = text.plist.xml; path = Info.plist; sourceTree = "<group>"; };
		D5B413011CFA28A000DB4321 /* CalculatorBrain.swift */ = {isa = PBXFileReference; fileEncoding = 4; lastKnownFileType = sourcecode.swift; path = CalculatorBrain.swift; sourceTree = "<group>"; };
/* End PBXFileReference section */

/* Begin PBXFrameworksBuildPhase section */
		D58FB7941CEA106D0025D50E /* Frameworks */ = {
			isa = PBXFrameworksBuildPhase;
			buildActionMask = 2147483647;
			files = (
			);
			runOnlyForDeploymentPostprocessing = 0;
		};
		D58FB7A81CEA106E0025D50E /* Frameworks */ = {
			isa = PBXFrameworksBuildPhase;
			buildActionMask = 2147483647;
			files = (
			);
			runOnlyForDeploymentPostprocessing = 0;
		};
		D58FB7B31CEA106E0025D50E /* Frameworks */ = {
			isa = PBXFrameworksBuildPhase;
			buildActionMask = 2147483647;
			files = (
			);
			runOnlyForDeploymentPostprocessing = 0;
		};
/* End PBXFrameworksBuildPhase section */

/* Begin PBXGroup section */
		D58FB78E1CEA106D0025D50E = {
			isa = PBXGroup;
			children = (
				D58FB7991CEA106D0025D50E /* Calculator */,
				D58FB7AE1CEA106E0025D50E /* CalculatorTests */,
				D58FB7B91CEA106E0025D50E /* CalculatorUITests */,
				D58FB7981CEA106D0025D50E /* Products */,
			);
			sourceTree = "<group>";
		};
		D58FB7981CEA106D0025D50E /* Products */ = {
			isa = PBXGroup;
			children = (
				D58FB7971CEA106D0025D50E /* Calculator.app */,
				D58FB7AB1CEA106E0025D50E /* CalculatorTests.xctest */,
				D58FB7B61CEA106E0025D50E /* CalculatorUITests.xctest */,
			);
			name = Products;
			sourceTree = "<group>";
		};
		D58FB7991CEA106D0025D50E /* Calculator */ = {
			isa = PBXGroup;
			children = (
				D58FB7C81CEA40210025D50E /* Supporting files */,
				D58FB79C1CEA106E0025D50E /* ViewController.swift */,
				D58FB79E1CEA106E0025D50E /* Main.storyboard */,
				D5B413011CFA28A000DB4321 /* CalculatorBrain.swift */,
			);
			path = Calculator;
			sourceTree = "<group>";
		};
		D58FB7AE1CEA106E0025D50E /* CalculatorTests */ = {
			isa = PBXGroup;
			children = (
				D58FB7AF1CEA106E0025D50E /* CalculatorTests.swift */,
				D58FB7B11CEA106E0025D50E /* Info.plist */,
			);
			path = CalculatorTests;
			sourceTree = "<group>";
		};
		D58FB7B91CEA106E0025D50E /* CalculatorUITests */ = {
			isa = PBXGroup;
			children = (
				D58FB7BA1CEA106E0025D50E /* CalculatorUITests.swift */,
				D58FB7BC1CEA106E0025D50E /* Info.plist */,
			);
			path = CalculatorUITests;
			sourceTree = "<group>";
		};
		D58FB7C81CEA40210025D50E /* Supporting files */ = {
			isa = PBXGroup;
			children = (
				D58FB79A1CEA106E0025D50E /* AppDelegate.swift */,
				D58FB7A11CEA106E0025D50E /* Assets.xcassets */,
				D58FB7A31CEA106E0025D50E /* LaunchScreen.storyboard */,
				D58FB7A61CEA106E0025D50E /* Info.plist */,
			);
			name = "Supporting files";
			sourceTree = "<group>";
		};
/* End PBXGroup section */

/* Begin PBXNativeTarget section */
		D58FB7961CEA106D0025D50E /* Calculator */ = {
			isa = PBXNativeTarget;
			buildConfigurationList = D58FB7BF1CEA106E0025D50E /* Build configuration list for PBXNativeTarget "Calculator" */;
			buildPhases = (
				D58FB7931CEA106D0025D50E /* Sources */,
				D58FB7941CEA106D0025D50E /* Frameworks */,
				D58FB7951CEA106D0025D50E /* Resources */,
			);
			buildRules = (
			);
			dependencies = (
			);
			name = Calculator;
			productName = Calculator;
			productReference = D58FB7971CEA106D0025D50E /* Calculator.app */;
			productType = "com.apple.product-type.application";
		};
		D58FB7AA1CEA106E0025D50E /* CalculatorTests */ = {
			isa = PBXNativeTarget;
			buildConfigurationList = D58FB7C21CEA106E0025D50E /* Build configuration list for PBXNativeTarget "CalculatorTests" */;
			buildPhases = (
				D58FB7A71CEA106E0025D50E /* Sources */,
				D58FB7A81CEA106E0025D50E /* Frameworks */,
				D58FB7A91CEA106E0025D50E /* Resources */,
			);
			buildRules = (
			);
			dependencies = (
				D58FB7AD1CEA106E0025D50E /* PBXTargetDependency */,
			);
			name = CalculatorTests;
			productName = CalculatorTests;
			productReference = D58FB7AB1CEA106E0025D50E /* CalculatorTests.xctest */;
			productType = "com.apple.product-type.bundle.unit-test";
		};
		D58FB7B51CEA106E0025D50E /* CalculatorUITests */ = {
			isa = PBXNativeTarget;
			buildConfigurationList = D58FB7C51CEA106E0025D50E /* Build configuration list for PBXNativeTarget "CalculatorUITests" */;
			buildPhases = (
				D58FB7B21CEA106E0025D50E /* Sources */,
				D58FB7B31CEA106E0025D50E /* Frameworks */,
				D58FB7B41CEA106E0025D50E /* Resources */,
			);
			buildRules = (
			);
			dependencies = (
				D58FB7B81CEA106E0025D50E /* PBXTargetDependency */,
			);
			name = CalculatorUITests;
			productName = CalculatorUITests;
			productReference = D58FB7B61CEA106E0025D50E /* CalculatorUITests.xctest */;
			productType = "com.apple.product-type.bundle.ui-testing";
		};
/* End PBXNativeTarget section */

/* Begin PBXProject section */
		D58FB78F1CEA106D0025D50E /* Project object */ = {
			isa = PBXProject;
			attributes = {
				LastSwiftUpdateCheck = 0730;
				LastUpgradeCheck = 0730;
				ORGANIZATIONNAME = ringaile;
				TargetAttributes = {
					D58FB7961CEA106D0025D50E = {
						CreatedOnToolsVersion = 7.3.1;
						DevelopmentTeam = J4NAVNL4TJ;
					};
					D58FB7AA1CEA106E0025D50E = {
						CreatedOnToolsVersion = 7.3.1;
						TestTargetID = D58FB7961CEA106D0025D50E;
					};
					D58FB7B51CEA106E0025D50E = {
						CreatedOnToolsVersion = 7.3.1;
						TestTargetID = D58FB7961CEA106D0025D50E;
					};
				};
			};
			buildConfigurationList = D58FB7921CEA106D0025D50E /* Build configuration list for PBXProject "Calculator" */;
			compatibilityVersion = "Xcode 3.2";
			developmentRegion = English;
			hasScannedForEncodings = 0;
			knownRegions = (
				en,
				Base,
			);
			mainGroup = D58FB78E1CEA106D0025D50E;
			productRefGroup = D58FB7981CEA106D0025D50E /* Products */;
			projectDirPath = "";
			projectRoot = "";
			targets = (
				D58FB7961CEA106D0025D50E /* Calculator */,
				D58FB7AA1CEA106E0025D50E /* CalculatorTests */,
				D58FB7B51CEA106E0025D50E /* CalculatorUITests */,
			);
		};
/* End PBXProject section */

/* Begin PBXResourcesBuildPhase section */
		D58FB7951CEA106D0025D50E /* Resources */ = {
			isa = PBXResourcesBuildPhase;
			buildActionMask = 2147483647;
			files = (
				D58FB7A51CEA106E0025D50E /* LaunchScreen.storyboard in Resources */,
				D58FB7A21CEA106E0025D50E /* Assets.xcassets in Resources */,
				D58FB7A01CEA106E0025D50E /* Main.storyboard in Resources */,
			);
			runOnlyForDeploymentPostprocessing = 0;
		};
		D58FB7A91CEA106E0025D50E /* Resources */ = {
			isa = PBXResourcesBuildPhase;
			buildActionMask = 2147483647;
			files = (
			);
			runOnlyForDeploymentPostprocessing = 0;
		};
		D58FB7B41CEA106E0025D50E /* Resources */ = {
			isa = PBXResourcesBuildPhase;
			buildActionMask = 2147483647;
			files = (
			);
			runOnlyForDeploymentPostprocessing = 0;
		};
/* End PBXResourcesBuildPhase section */

/* Begin PBXSourcesBuildPhase section */
		D58FB7931CEA106D0025D50E /* Sources */ = {
			isa = PBXSourcesBuildPhase;
			buildActionMask = 2147483647;
			files = (
				D5B413021CFA28A000DB4321 /* CalculatorBrain.swift in Sources */,
				D58FB79D1CEA106E0025D50E /* ViewController.swift in Sources */,
				D58FB79B1CEA106E0025D50E /* AppDelegate.swift in Sources */,
			);
			runOnlyForDeploymentPostprocessing = 0;
		};
		D58FB7A71CEA106E0025D50E /* Sources */ = {
			isa = PBXSourcesBuildPhase;
			buildActionMask = 2147483647;
			files = (
				D58FB7B01CEA106E0025D50E /* CalculatorTests.swift in Sources */,
			);
			runOnlyForDeploymentPostprocessing = 0;
		};
		D58FB7B21CEA106E0025D50E /* Sources */ = {
			isa = PBXSourcesBuildPhase;
			buildActionMask = 2147483647;
			files = (
				D58FB7BB1CEA106E0025D50E /* CalculatorUITests.swift in Sources */,
			);
			runOnlyForDeploymentPostprocessing = 0;
		};
/* End PBXSourcesBuildPhase section */

/* Begin PBXTargetDependency section */
		D58FB7AD1CEA106E0025D50E /* PBXTargetDependency */ = {
			isa = PBXTargetDependency;
			target = D58FB7961CEA106D0025D50E /* Calculator */;
			targetProxy = D58FB7AC1CEA106E0025D50E /* PBXContainerItemProxy */;
		};
		D58FB7B81CEA106E0025D50E /* PBXTargetDependency */ = {
			isa = PBXTargetDependency;
			target = D58FB7961CEA106D0025D50E /* Calculator */;
			targetProxy = D58FB7B71CEA106E0025D50E /* PBXContainerItemProxy */;
		};
/* End PBXTargetDependency section */

/* Begin PBXVariantGroup section */
		D58FB79E1CEA106E0025D50E /* Main.storyboard */ = {
			isa = PBXVariantGroup;
			children = (
				D58FB79F1CEA106E0025D50E /* Base */,
			);
			name = Main.storyboard;
			sourceTree = "<group>";
		};
		D58FB7A31CEA106E0025D50E /* LaunchScreen.storyboard */ = {
			isa = PBXVariantGroup;
			children = (
				D58FB7A41CEA106E0025D50E /* Base */,
			);
			name = LaunchScreen.storyboard;
			sourceTree = "<group>";
		};
/* End PBXVariantGroup section */

/* Begin XCBuildConfiguration section */
		D58FB7BD1CEA106E0025D50E /* Debug */ = {
			isa = XCBuildConfiguration;
			buildSettings = {
				ALWAYS_SEARCH_USER_PATHS = NO;
				CLANG_ANALYZER_NONNULL = YES;
				CLANG_CXX_LANGUAGE_STANDARD = "gnu++0x";
				CLANG_CXX_LIBRARY = "libc++";
				CLANG_ENABLE_MODULES = YES;
				CLANG_ENABLE_OBJC_ARC = YES;
				CLANG_WARN_BOOL_CONVERSION = YES;
				CLANG_WARN_CONSTANT_CONVERSION = YES;
				CLANG_WARN_DIRECT_OBJC_ISA_USAGE = YES_ERROR;
				CLANG_WARN_EMPTY_BODY = YES;
				CLANG_WARN_ENUM_CONVERSION = YES;
				CLANG_WARN_INT_CONVERSION = YES;
				CLANG_WARN_OBJC_ROOT_CLASS = YES_ERROR;
				CLANG_WARN_UNREACHABLE_CODE = YES;
				CLANG_WARN__DUPLICATE_METHOD_MATCH = YES;
				"CODE_SIGN_IDENTITY[sdk=iphoneos*]" = "iPhone Developer";
				COPY_PHASE_STRIP = NO;
				DEBUG_INFORMATION_FORMAT = dwarf;
				ENABLE_STRICT_OBJC_MSGSEND = YES;
				ENABLE_TESTABILITY = YES;
				GCC_C_LANGUAGE_STANDARD = gnu99;
				GCC_DYNAMIC_NO_PIC = NO;
				GCC_NO_COMMON_BLOCKS = YES;
				GCC_OPTIMIZATION_LEVEL = 0;
				GCC_PREPROCESSOR_DEFINITIONS = (
					"DEBUG=1",
					"$(inherited)",
				);
				GCC_WARN_64_TO_32_BIT_CONVERSION = YES;
				GCC_WARN_ABOUT_RETURN_TYPE = YES_ERROR;
				GCC_WARN_UNDECLARED_SELECTOR = YES;
				GCC_WARN_UNINITIALIZED_AUTOS = YES_AGGRESSIVE;
				GCC_WARN_UNUSED_FUNCTION = YES;
				GCC_WARN_UNUSED_VARIABLE = YES;
				IPHONEOS_DEPLOYMENT_TARGET = 9.3;
				MTL_ENABLE_DEBUG_INFO = YES;
				ONLY_ACTIVE_ARCH = YES;
				SDKROOT = iphoneos;
				SWIFT_OPTIMIZATION_LEVEL = "-Onone";
				TARGETED_DEVICE_FAMILY = "1,2";
			};
			name = Debug;
		};
		D58FB7BE1CEA106E0025D50E /* Release */ = {
			isa = XCBuildConfiguration;
			buildSettings = {
				ALWAYS_SEARCH_USER_PATHS = NO;
				CLANG_ANALYZER_NONNULL = YES;
				CLANG_CXX_LANGUAGE_STANDARD = "gnu++0x";
				CLANG_CXX_LIBRARY = "libc++";
				CLANG_ENABLE_MODULES = YES;
				CLANG_ENABLE_OBJC_ARC = YES;
				CLANG_WARN_BOOL_CONVERSION = YES;
				CLANG_WARN_CONSTANT_CONVERSION = YES;
				CLANG_WARN_DIRECT_OBJC_ISA_USAGE = YES_ERROR;
				CLANG_WARN_EMPTY_BODY = YES;
				CLANG_WARN_ENUM_CONVERSION = YES;
				CLANG_WARN_INT_CONVERSION = YES;
				CLANG_WARN_OBJC_ROOT_CLASS = YES_ERROR;
				CLANG_WARN_UNREACHABLE_CODE = YES;
				CLANG_WARN__DUPLICATE_METHOD_MATCH = YES;
				"CODE_SIGN_IDENTITY[sdk=iphoneos*]" = "iPhone Developer";
				COPY_PHASE_STRIP = NO;
				DEBUG_INFORMATION_FORMAT = "dwarf-with-dsym";
				ENABLE_NS_ASSERTIONS = NO;
				ENABLE_STRICT_OBJC_MSGSEND = YES;
				GCC_C_LANGUAGE_STANDARD = gnu99;
				GCC_NO_COMMON_BLOCKS = YES;
				GCC_WARN_64_TO_32_BIT_CONVERSION = YES;
				GCC_WARN_ABOUT_RETURN_TYPE = YES_ERROR;
				GCC_WARN_UNDECLARED_SELECTOR = YES;
				GCC_WARN_UNINITIALIZED_AUTOS = YES_AGGRESSIVE;
				GCC_WARN_UNUSED_FUNCTION = YES;
				GCC_WARN_UNUSED_VARIABLE = YES;
				IPHONEOS_DEPLOYMENT_TARGET = 9.3;
				MTL_ENABLE_DEBUG_INFO = NO;
				SDKROOT = iphoneos;
				TARGETED_DEVICE_FAMILY = "1,2";
				VALIDATE_PRODUCT = YES;
			};
			name = Release;
		};
		D58FB7C01CEA106E0025D50E /* Debug */ = {
			isa = XCBuildConfiguration;
			buildSettings = {
				ASSETCATALOG_COMPILER_APPICON_NAME = AppIcon;
				CODE_SIGN_IDENTITY = "iPhone Developer";
				"CODE_SIGN_IDENTITY[sdk=iphoneos*]" = "iPhone Developer";
				INFOPLIST_FILE = Calculator/Info.plist;
				LD_RUNPATH_SEARCH_PATHS = "$(inherited) @executable_path/Frameworks";
				PRODUCT_BUNDLE_IDENTIFIER = com.ringaile.Calculator;
				PRODUCT_NAME = "$(TARGET_NAME)";
				PROVISIONING_PROFILE = "";
			};
			name = Debug;
		};
		D58FB7C11CEA106E0025D50E /* Release */ = {
			isa = XCBuildConfiguration;
			buildSettings = {
				ASSETCATALOG_COMPILER_APPICON_NAME = AppIcon;
				CODE_SIGN_IDENTITY = "iPhone Developer";
				"CODE_SIGN_IDENTITY[sdk=iphoneos*]" = "iPhone Developer";
				INFOPLIST_FILE = Calculator/Info.plist;
				LD_RUNPATH_SEARCH_PATHS = "$(inherited) @executable_path/Frameworks";
				PRODUCT_BUNDLE_IDENTIFIER = com.ringaile.Calculator;
				PRODUCT_NAME = "$(TARGET_NAME)";
				PROVISIONING_PROFILE = "";
			};
			name = Release;
		};
		D58FB7C31CEA106E0025D50E /* Debug */ = {
			isa = XCBuildConfiguration;
			buildSettings = {
				BUNDLE_LOADER = "$(TEST_HOST)";
				INFOPLIST_FILE = CalculatorTests/Info.plist;
				LD_RUNPATH_SEARCH_PATHS = "$(inherited) @executable_path/Frameworks @loader_path/Frameworks";
				PRODUCT_BUNDLE_IDENTIFIER = com.ringaile.CalculatorTests;
				PRODUCT_NAME = "$(TARGET_NAME)";
				TEST_HOST = "$(BUILT_PRODUCTS_DIR)/Calculator.app/Calculator";
			};
			name = Debug;
		};
		D58FB7C41CEA106E0025D50E /* Release */ = {
			isa = XCBuildConfiguration;
			buildSettings = {
				BUNDLE_LOADER = "$(TEST_HOST)";
				INFOPLIST_FILE = CalculatorTests/Info.plist;
				LD_RUNPATH_SEARCH_PATHS = "$(inherited) @executable_path/Frameworks @loader_path/Frameworks";
				PRODUCT_BUNDLE_IDENTIFIER = com.ringaile.CalculatorTests;
				PRODUCT_NAME = "$(TARGET_NAME)";
				TEST_HOST = "$(BUILT_PRODUCTS_DIR)/Calculator.app/Calculator";
			};
			name = Release;
		};
		D58FB7C61CEA106E0025D50E /* Debug */ = {
			isa = XCBuildConfiguration;
			buildSettings = {
				INFOPLIST_FILE = CalculatorUITests/Info.plist;
				LD_RUNPATH_SEARCH_PATHS = "$(inherited) @executable_path/Frameworks @loader_path/Frameworks";
				PRODUCT_BUNDLE_IDENTIFIER = com.ringaile.CalculatorUITests;
				PRODUCT_NAME = "$(TARGET_NAME)";
				TEST_TARGET_NAME = Calculator;
			};
			name = Debug;
		};
		D58FB7C71CEA106E0025D50E /* Release */ = {
			isa = XCBuildConfiguration;
			buildSettings = {
				INFOPLIST_FILE = CalculatorUITests/Info.plist;
				LD_RUNPATH_SEARCH_PATHS = "$(inherited) @executable_path/Frameworks @loader_path/Frameworks";
				PRODUCT_BUNDLE_IDENTIFIER = com.ringaile.CalculatorUITests;
				PRODUCT_NAME = "$(TARGET_NAME)";
				TEST_TARGET_NAME = Calculator;
			};
			name = Release;
		};
/* End XCBuildConfiguration section */

/* Begin XCConfigurationList section */
		D58FB7921CEA106D0025D50E /* Build configuration list for PBXProject "Calculator" */ = {
			isa = XCConfigurationList;
			buildConfigurations = (
				D58FB7BD1CEA106E0025D50E /* Debug */,
				D58FB7BE1CEA106E0025D50E /* Release */,
			);
			defaultConfigurationIsVisible = 0;
			defaultConfigurationName = Release;
		};
		D58FB7BF1CEA106E0025D50E /* Build configuration list for PBXNativeTarget "Calculator" */ = {
			isa = XCConfigurationList;
			buildConfigurations = (
				D58FB7C01CEA106E0025D50E /* Debug */,
				D58FB7C11CEA106E0025D50E /* Release */,
			);
			defaultConfigurationIsVisible = 0;
			defaultConfigurationName = Release;
		};
		D58FB7C21CEA106E0025D50E /* Build configuration list for PBXNativeTarget "CalculatorTests" */ = {
			isa = XCConfigurationList;
			buildConfigurations = (
				D58FB7C31CEA106E0025D50E /* Debug */,
				D58FB7C41CEA106E0025D50E /* Release */,
			);
			defaultConfigurationIsVisible = 0;
			defaultConfigurationName = Release;
		};
		D58FB7C51CEA106E0025D50E /* Build configuration list for PBXNativeTarget "CalculatorUITests" */ = {
			isa = XCConfigurationList;
			buildConfigurations = (
				D58FB7C61CEA106E0025D50E /* Debug */,
				D58FB7C71CEA106E0025D50E /* Release */,
			);
			defaultConfigurationIsVisible = 0;
			defaultConfigurationName = Release;
		};
/* End XCConfigurationList section */
	};
	rootObject = D58FB78F1CEA106D0025D50E /* Project object */;
}
